// !$*UTF8*$!
{
	archiveVersion = 1;
	classes = {
	};
	objectVersion = 46;
	objects = {

/* Begin PBXBuildFile section */
		86443D171DB1949500EB6260 /* WaiterDetailHeaderImageTableViewCell.swift in Sources */ = {isa = PBXBuildFile; fileRef = 86443D161DB1949500EB6260 /* WaiterDetailHeaderImageTableViewCell.swift */; };
		86443D191DB195E200EB6260 /* UIView+Extension.swift in Sources */ = {isa = PBXBuildFile; fileRef = 86443D181DB195E200EB6260 /* UIView+Extension.swift */; };
		86443D1D1DB1ACFC00EB6260 /* WaiterTableViewCell.swift in Sources */ = {isa = PBXBuildFile; fileRef = 86443D1C1DB1ACFC00EB6260 /* WaiterTableViewCell.swift */; };
		868B74F81DB0501D00A24EED /* WaiterDetailTableViewController.swift in Sources */ = {isa = PBXBuildFile; fileRef = 868B74F71DB0501D00A24EED /* WaiterDetailTableViewController.swift */; };
		868B74FA1DB0530C00A24EED /* AddWaiterTableViewController.swift in Sources */ = {isa = PBXBuildFile; fileRef = 868B74F91DB0530C00A24EED /* AddWaiterTableViewController.swift */; };
		868B750A1DB068D800A24EED /* Waiter+CoreDataProperties.swift in Sources */ = {isa = PBXBuildFile; fileRef = 868B75061DB068D800A24EED /* Waiter+CoreDataProperties.swift */; };
		86B5EB1A1DB034110014D191 /* AppDelegate.swift in Sources */ = {isa = PBXBuildFile; fileRef = 86B5EB191DB034110014D191 /* AppDelegate.swift */; };
		86B5EB1F1DB034110014D191 /* Main.storyboard in Resources */ = {isa = PBXBuildFile; fileRef = 86B5EB1D1DB034110014D191 /* Main.storyboard */; };
		86B5EB221DB034110014D191 /* Waiters.xcdatamodeld in Sources */ = {isa = PBXBuildFile; fileRef = 86B5EB201DB034110014D191 /* Waiters.xcdatamodeld */; };
		86B5EB241DB034110014D191 /* Assets.xcassets in Resources */ = {isa = PBXBuildFile; fileRef = 86B5EB231DB034110014D191 /* Assets.xcassets */; };
		86B5EB271DB034110014D191 /* LaunchScreen.storyboard in Resources */ = {isa = PBXBuildFile; fileRef = 86B5EB251DB034110014D191 /* LaunchScreen.storyboard */; };
		86B5EB331DB034E80014D191 /* WaitersTableViewController.swift in Sources */ = {isa = PBXBuildFile; fileRef = 86B5EB321DB034E80014D191 /* WaitersTableViewController.swift */; };
		86B5EB361DB035930014D191 /* CoreDataStack.swift in Sources */ = {isa = PBXBuildFile; fileRef = 86B5EB351DB035930014D191 /* CoreDataStack.swift */; };
		86B5EB3B1DB040190014D191 /* Waiter.swift in Sources */ = {isa = PBXBuildFile; fileRef = 86B5EB371DB040190014D191 /* Waiter.swift */; };
		86B5EB3D1DB040190014D191 /* Shift.swift in Sources */ = {isa = PBXBuildFile; fileRef = 86B5EB391DB040190014D191 /* Shift.swift */; };
		86B5EB3E1DB040190014D191 /* Shift+CoreDataProperties.swift in Sources */ = {isa = PBXBuildFile; fileRef = 86B5EB3A1DB040190014D191 /* Shift+CoreDataProperties.swift */; };
		86CC656D1DB103E2003D7D69 /* WaiterDetailActionTableViewCell.swift in Sources */ = {isa = PBXBuildFile; fileRef = 86CC656C1DB103E2003D7D69 /* WaiterDetailActionTableViewCell.swift */; };
		86CC656F1DB10404003D7D69 /* WaiterDetailNameTableViewCell.swift in Sources */ = {isa = PBXBuildFile; fileRef = 86CC656E1DB10404003D7D69 /* WaiterDetailNameTableViewCell.swift */; };
		86CC65711DB10A83003D7D69 /* AddShiftTableViewController.swift in Sources */ = {isa = PBXBuildFile; fileRef = 86CC65701DB10A83003D7D69 /* AddShiftTableViewController.swift */; };
/* End PBXBuildFile section */

/* Begin PBXFileReference section */
		86443D161DB1949500EB6260 /* WaiterDetailHeaderImageTableViewCell.swift */ = {isa = PBXFileReference; fileEncoding = 4; lastKnownFileType = sourcecode.swift; name = WaiterDetailHeaderImageTableViewCell.swift; path = Controller/WaiterDetailHeaderImageTableViewCell.swift; sourceTree = "<group>"; };
		86443D181DB195E200EB6260 /* UIView+Extension.swift */ = {isa = PBXFileReference; fileEncoding = 4; lastKnownFileType = sourcecode.swift; path = "UIView+Extension.swift"; sourceTree = "<group>"; };
		86443D1C1DB1ACFC00EB6260 /* WaiterTableViewCell.swift */ = {isa = PBXFileReference; fileEncoding = 4; lastKnownFileType = sourcecode.swift; name = WaiterTableViewCell.swift; path = Controller/WaiterTableViewCell.swift; sourceTree = "<group>"; };
		868B74F71DB0501D00A24EED /* WaiterDetailTableViewController.swift */ = {isa = PBXFileReference; fileEncoding = 4; lastKnownFileType = sourcecode.swift; name = WaiterDetailTableViewController.swift; path = Controller/WaiterDetailTableViewController.swift; sourceTree = "<group>"; };
		868B74F91DB0530C00A24EED /* AddWaiterTableViewController.swift */ = {isa = PBXFileReference; fileEncoding = 4; lastKnownFileType = sourcecode.swift; name = AddWaiterTableViewController.swift; path = Controller/AddWaiterTableViewController.swift; sourceTree = "<group>"; };
		868B75061DB068D800A24EED /* Waiter+CoreDataProperties.swift */ = {isa = PBXFileReference; fileEncoding = 4; lastKnownFileType = sourcecode.swift; name = "Waiter+CoreDataProperties.swift"; path = "Model/Waiter+CoreDataProperties.swift"; sourceTree = "<group>"; };
		86B5EB161DB034110014D191 /* Waiters.app */ = {isa = PBXFileReference; explicitFileType = wrapper.application; includeInIndex = 0; path = Waiters.app; sourceTree = BUILT_PRODUCTS_DIR; };
		86B5EB191DB034110014D191 /* AppDelegate.swift */ = {isa = PBXFileReference; lastKnownFileType = sourcecode.swift; path = AppDelegate.swift; sourceTree = "<group>"; };
		86B5EB1E1DB034110014D191 /* Base */ = {isa = PBXFileReference; lastKnownFileType = file.storyboard; name = Base; path = Base.lproj/Main.storyboard; sourceTree = "<group>"; };
		86B5EB211DB034110014D191 /* Waiters.xcdatamodel */ = {isa = PBXFileReference; lastKnownFileType = wrapper.xcdatamodel; path = Waiters.xcdatamodel; sourceTree = "<group>"; };
		86B5EB231DB034110014D191 /* Assets.xcassets */ = {isa = PBXFileReference; lastKnownFileType = folder.assetcatalog; path = Assets.xcassets; sourceTree = "<group>"; };
		86B5EB261DB034110014D191 /* Base */ = {isa = PBXFileReference; lastKnownFileType = file.storyboard; name = Base; path = Base.lproj/LaunchScreen.storyboard; sourceTree = "<group>"; };
		86B5EB281DB034110014D191 /* Info.plist */ = {isa = PBXFileReference; lastKnownFileType = text.plist.xml; path = Info.plist; sourceTree = "<group>"; };
		86B5EB321DB034E80014D191 /* WaitersTableViewController.swift */ = {isa = PBXFileReference; fileEncoding = 4; lastKnownFileType = sourcecode.swift; name = WaitersTableViewController.swift; path = Controller/WaitersTableViewController.swift; sourceTree = "<group>"; };
		86B5EB351DB035930014D191 /* CoreDataStack.swift */ = {isa = PBXFileReference; fileEncoding = 4; lastKnownFileType = sourcecode.swift; name = CoreDataStack.swift; path = Model/CoreDataStack.swift; sourceTree = "<group>"; };
		86B5EB371DB040190014D191 /* Waiter.swift */ = {isa = PBXFileReference; fileEncoding = 4; lastKnownFileType = sourcecode.swift; name = Waiter.swift; path = Model/Waiter.swift; sourceTree = "<group>"; };
		86B5EB391DB040190014D191 /* Shift.swift */ = {isa = PBXFileReference; fileEncoding = 4; lastKnownFileType = sourcecode.swift; name = Shift.swift; path = Model/Shift.swift; sourceTree = "<group>"; };
		86B5EB3A1DB040190014D191 /* Shift+CoreDataProperties.swift */ = {isa = PBXFileReference; fileEncoding = 4; lastKnownFileType = sourcecode.swift; name = "Shift+CoreDataProperties.swift"; path = "Model/Shift+CoreDataProperties.swift"; sourceTree = "<group>"; };
		86CC656C1DB103E2003D7D69 /* WaiterDetailActionTableViewCell.swift */ = {isa = PBXFileReference; fileEncoding = 4; lastKnownFileType = sourcecode.swift; name = WaiterDetailActionTableViewCell.swift; path = Controller/WaiterDetailActionTableViewCell.swift; sourceTree = "<group>"; };
		86CC656E1DB10404003D7D69 /* WaiterDetailNameTableViewCell.swift */ = {isa = PBXFileReference; fileEncoding = 4; lastKnownFileType = sourcecode.swift; name = WaiterDetailNameTableViewCell.swift; path = Controller/WaiterDetailNameTableViewCell.swift; sourceTree = "<group>"; };
		86CC65701DB10A83003D7D69 /* AddShiftTableViewController.swift */ = {isa = PBXFileReference; fileEncoding = 4; lastKnownFileType = sourcecode.swift; name = AddShiftTableViewController.swift; path = Controller/AddShiftTableViewController.swift; sourceTree = "<group>"; };
/* End PBXFileReference section */

/* Begin PBXFrameworksBuildPhase section */
		86B5EB131DB034100014D191 /* Frameworks */ = {
			isa = PBXFrameworksBuildPhase;
			buildActionMask = 2147483647;
			files = (
			);
			runOnlyForDeploymentPostprocessing = 0;
		};
/* End PBXFrameworksBuildPhase section */

/* Begin PBXGroup section */
		86B5EB0D1DB034100014D191 = {
			isa = PBXGroup;
			children = (
				86B5EB181DB034110014D191 /* Waiters */,
				86B5EB171DB034110014D191 /* Products */,
			);
			sourceTree = "<group>";
		};
		86B5EB171DB034110014D191 /* Products */ = {
			isa = PBXGroup;
			children = (
				86B5EB161DB034110014D191 /* Waiters.app */,
			);
			name = Products;
			sourceTree = "<group>";
		};
		86B5EB181DB034110014D191 /* Waiters */ = {
			isa = PBXGroup;
			children = (
				86B5EB2E1DB0342F0014D191 /* Model */,
				86B5EB2F1DB034350014D191 /* View */,
				86B5EB301DB0343D0014D191 /* Controller */,
				86B5EB311DB0345C0014D191 /* Supporting Files */,
			);
			path = Waiters;
			sourceTree = "<group>";
		};
		86B5EB2E1DB0342F0014D191 /* Model */ = {
			isa = PBXGroup;
			children = (
				86B5EB391DB040190014D191 /* Shift.swift */,
				86B5EB371DB040190014D191 /* Waiter.swift */,
				86B5EB341DB0357E0014D191 /* Core Data */,
			);
			name = Model;
			sourceTree = "<group>";
		};
		86B5EB2F1DB034350014D191 /* View */ = {
			isa = PBXGroup;
			children = (
				86B5EB1D1DB034110014D191 /* Main.storyboard */,
			);
			name = View;
			sourceTree = "<group>";
		};
		86B5EB301DB0343D0014D191 /* Controller */ = {
			isa = PBXGroup;
			children = (
				86B5EB321DB034E80014D191 /* WaitersTableViewController.swift */,
				868B74F71DB0501D00A24EED /* WaiterDetailTableViewController.swift */,
				868B74F91DB0530C00A24EED /* AddWaiterTableViewController.swift */,
				86CC65701DB10A83003D7D69 /* AddShiftTableViewController.swift */,
				86CC656B1DB103AB003D7D69 /* Cells */,
			);
			name = Controller;
			sourceTree = "<group>";
		};
		86B5EB311DB0345C0014D191 /* Supporting Files */ = {
			isa = PBXGroup;
			children = (
				86B5EB191DB034110014D191 /* AppDelegate.swift */,
				86B5EB231DB034110014D191 /* Assets.xcassets */,
				86B5EB251DB034110014D191 /* LaunchScreen.storyboard */,
				86B5EB281DB034110014D191 /* Info.plist */,
				86443D181DB195E200EB6260 /* UIView+Extension.swift */,
			);
			name = "Supporting Files";
			sourceTree = "<group>";
		};
		86B5EB341DB0357E0014D191 /* Core Data */ = {
			isa = PBXGroup;
			children = (
				868B75061DB068D800A24EED /* Waiter+CoreDataProperties.swift */,
				86B5EB3A1DB040190014D191 /* Shift+CoreDataProperties.swift */,
				86B5EB201DB034110014D191 /* Waiters.xcdatamodeld */,
				86B5EB351DB035930014D191 /* CoreDataStack.swift */,
			);
			name = "Core Data";
			sourceTree = "<group>";
		};
		86CC656B1DB103AB003D7D69 /* Cells */ = {
			isa = PBXGroup;
			children = (
				86CC656C1DB103E2003D7D69 /* WaiterDetailActionTableViewCell.swift */,
				86CC656E1DB10404003D7D69 /* WaiterDetailNameTableViewCell.swift */,
				86443D161DB1949500EB6260 /* WaiterDetailHeaderImageTableViewCell.swift */,
				86443D1C1DB1ACFC00EB6260 /* WaiterTableViewCell.swift */,
			);
			name = Cells;
			sourceTree = "<group>";
		};
/* End PBXGroup section */

/* Begin PBXNativeTarget section */
		86B5EB151DB034100014D191 /* Waiters */ = {
			isa = PBXNativeTarget;
			buildConfigurationList = 86B5EB2B1DB034110014D191 /* Build configuration list for PBXNativeTarget "Waiters" */;
			buildPhases = (
				86B5EB121DB034100014D191 /* Sources */,
				86B5EB131DB034100014D191 /* Frameworks */,
				86B5EB141DB034100014D191 /* Resources */,
			);
			buildRules = (
			);
			dependencies = (
			);
			name = Waiters;
			productName = Waiters;
			productReference = 86B5EB161DB034110014D191 /* Waiters.app */;
			productType = "com.apple.product-type.application";
		};
/* End PBXNativeTarget section */

/* Begin PBXProject section */
		86B5EB0E1DB034100014D191 /* Project object */ = {
			isa = PBXProject;
			attributes = {
				LastSwiftUpdateCheck = 0800;
				LastUpgradeCheck = 0800;
				ORGANIZATIONNAME = "Lucas Dilts";
				TargetAttributes = {
					86B5EB151DB034100014D191 = {
						CreatedOnToolsVersion = 8.0;
						DevelopmentTeam = 69ZM7V3AUZ;
						ProvisioningStyle = Automatic;
					};
				};
			};
			buildConfigurationList = 86B5EB111DB034100014D191 /* Build configuration list for PBXProject "Waiters" */;
			compatibilityVersion = "Xcode 3.2";
			developmentRegion = English;
			hasScannedForEncodings = 0;
			knownRegions = (
				en,
				Base,
			);
			mainGroup = 86B5EB0D1DB034100014D191;
			productRefGroup = 86B5EB171DB034110014D191 /* Products */;
			projectDirPath = "";
			projectRoot = "";
			targets = (
				86B5EB151DB034100014D191 /* Waiters */,
			);
		};
/* End PBXProject section */

/* Begin PBXResourcesBuildPhase section */
		86B5EB141DB034100014D191 /* Resources */ = {
			isa = PBXResourcesBuildPhase;
			buildActionMask = 2147483647;
			files = (
				86B5EB271DB034110014D191 /* LaunchScreen.storyboard in Resources */,
				86B5EB241DB034110014D191 /* Assets.xcassets in Resources */,
				86B5EB1F1DB034110014D191 /* Main.storyboard in Resources */,
			);
			runOnlyForDeploymentPostprocessing = 0;
		};
/* End PBXResourcesBuildPhase section */

/* Begin PBXSourcesBuildPhase section */
		86B5EB121DB034100014D191 /* Sources */ = {
			isa = PBXSourcesBuildPhase;
			buildActionMask = 2147483647;
			files = (
				86CC65711DB10A83003D7D69 /* AddShiftTableViewController.swift in Sources */,
				86B5EB331DB034E80014D191 /* WaitersTableViewController.swift in Sources */,
				86B5EB3B1DB040190014D191 /* Waiter.swift in Sources */,
				86443D191DB195E200EB6260 /* UIView+Extension.swift in Sources */,
				86B5EB3E1DB040190014D191 /* Shift+CoreDataProperties.swift in Sources */,
				86B5EB221DB034110014D191 /* Waiters.xcdatamodeld in Sources */,
				86443D1D1DB1ACFC00EB6260 /* WaiterTableViewCell.swift in Sources */,
				868B74F81DB0501D00A24EED /* WaiterDetailTableViewController.swift in Sources */,
				86CC656F1DB10404003D7D69 /* WaiterDetailNameTableViewCell.swift in Sources */,
				86443D171DB1949500EB6260 /* WaiterDetailHeaderImageTableViewCell.swift in Sources */,
				86B5EB1A1DB034110014D191 /* AppDelegate.swift in Sources */,
				86B5EB361DB035930014D191 /* CoreDataStack.swift in Sources */,
				86B5EB3D1DB040190014D191 /* Shift.swift in Sources */,
				868B74FA1DB0530C00A24EED /* AddWaiterTableViewController.swift in Sources */,
				86CC656D1DB103E2003D7D69 /* WaiterDetailActionTableViewCell.swift in Sources */,
				868B750A1DB068D800A24EED /* Waiter+CoreDataProperties.swift in Sources */,
			);
			runOnlyForDeploymentPostprocessing = 0;
		};
/* End PBXSourcesBuildPhase section */

/* Begin PBXVariantGroup section */
		86B5EB1D1DB034110014D191 /* Main.storyboard */ = {
			isa = PBXVariantGroup;
			children = (
				86B5EB1E1DB034110014D191 /* Base */,
			);
			name = Main.storyboard;
			sourceTree = "<group>";
		};
		86B5EB251DB034110014D191 /* LaunchScreen.storyboard */ = {
			isa = PBXVariantGroup;
			children = (
				86B5EB261DB034110014D191 /* Base */,
			);
			name = LaunchScreen.storyboard;
			sourceTree = "<group>";
		};
/* End PBXVariantGroup section */

/* Begin XCBuildConfiguration section */
		86B5EB291DB034110014D191 /* Debug */ = {
			isa = XCBuildConfiguration;
			buildSettings = {
				ALWAYS_SEARCH_USER_PATHS = NO;
				CLANG_ANALYZER_NONNULL = YES;
				CLANG_CXX_LANGUAGE_STANDARD = "gnu++0x";
				CLANG_CXX_LIBRARY = "libc++";
				CLANG_ENABLE_MODULES = YES;
				CLANG_ENABLE_OBJC_ARC = YES;
				CLANG_WARN_BOOL_CONVERSION = YES;
				CLANG_WARN_CONSTANT_CONVERSION = YES;
				CLANG_WARN_DIRECT_OBJC_ISA_USAGE = YES_ERROR;
				CLANG_WARN_DOCUMENTATION_COMMENTS = YES;
				CLANG_WARN_EMPTY_BODY = YES;
				CLANG_WARN_ENUM_CONVERSION = YES;
				CLANG_WARN_INFINITE_RECURSION = YES;
				CLANG_WARN_INT_CONVERSION = YES;
				CLANG_WARN_OBJC_ROOT_CLASS = YES_ERROR;
				CLANG_WARN_SUSPICIOUS_MOVES = YES;
				CLANG_WARN_UNREACHABLE_CODE = YES;
				CLANG_WARN__DUPLICATE_METHOD_MATCH = YES;
				"CODE_SIGN_IDENTITY[sdk=iphoneos*]" = "iPhone Developer";
				COPY_PHASE_STRIP = NO;
				DEBUG_INFORMATION_FORMAT = dwarf;
				ENABLE_STRICT_OBJC_MSGSEND = YES;
				ENABLE_TESTABILITY = YES;
				GCC_C_LANGUAGE_STANDARD = gnu99;
				GCC_DYNAMIC_NO_PIC = NO;
				GCC_NO_COMMON_BLOCKS = YES;
				GCC_OPTIMIZATION_LEVEL = 0;
				GCC_PREPROCESSOR_DEFINITIONS = (
					"DEBUG=1",
					"$(inherited)",
				);
				GCC_WARN_64_TO_32_BIT_CONVERSION = YES;
				GCC_WARN_ABOUT_RETURN_TYPE = YES_ERROR;
				GCC_WARN_UNDECLARED_SELECTOR = YES;
				GCC_WARN_UNINITIALIZED_AUTOS = YES_AGGRESSIVE;
				GCC_WARN_UNUSED_FUNCTION = YES;
				GCC_WARN_UNUSED_VARIABLE = YES;
				IPHONEOS_DEPLOYMENT_TARGET = 10.0;
				MTL_ENABLE_DEBUG_INFO = YES;
				ONLY_ACTIVE_ARCH = YES;
				SDKROOT = iphoneos;
				SWIFT_ACTIVE_COMPILATION_CONDITIONS = DEBUG;
				SWIFT_OPTIMIZATION_LEVEL = "-Onone";
			};
			name = Debug;
		};
		86B5EB2A1DB034110014D191 /* Release */ = {
			isa = XCBuildConfiguration;
			buildSettings = {
				ALWAYS_SEARCH_USER_PATHS = NO;
				CLANG_ANALYZER_NONNULL = YES;
				CLANG_CXX_LANGUAGE_STANDARD = "gnu++0x";
				CLANG_CXX_LIBRARY = "libc++";
				CLANG_ENABLE_MODULES = YES;
				CLANG_ENABLE_OBJC_ARC = YES;
				CLANG_WARN_BOOL_CONVERSION = YES;
				CLANG_WARN_CONSTANT_CONVERSION = YES;
				CLANG_WARN_DIRECT_OBJC_ISA_USAGE = YES_ERROR;
				CLANG_WARN_DOCUMENTATION_COMMENTS = YES;
				CLANG_WARN_EMPTY_BODY = YES;
				CLANG_WARN_ENUM_CONVERSION = YES;
				CLANG_WARN_INFINITE_RECURSION = YES;
				CLANG_WARN_INT_CONVERSION = YES;
				CLANG_WARN_OBJC_ROOT_CLASS = YES_ERROR;
				CLANG_WARN_SUSPICIOUS_MOVES = YES;
				CLANG_WARN_UNREACHABLE_CODE = YES;
				CLANG_WARN__DUPLICATE_METHOD_MATCH = YES;
				"CODE_SIGN_IDENTITY[sdk=iphoneos*]" = "iPhone Developer";
				COPY_PHASE_STRIP = NO;
				DEBUG_INFORMATION_FORMAT = "dwarf-with-dsym";
				ENABLE_NS_ASSERTIONS = NO;
				ENABLE_STRICT_OBJC_MSGSEND = YES;
				GCC_C_LANGUAGE_STANDARD = gnu99;
				GCC_NO_COMMON_BLOCKS = YES;
				GCC_WARN_64_TO_32_BIT_CONVERSION = YES;
				GCC_WARN_ABOUT_RETURN_TYPE = YES_ERROR;
				GCC_WARN_UNDECLARED_SELECTOR = YES;
				GCC_WARN_UNINITIALIZED_AUTOS = YES_AGGRESSIVE;
				GCC_WARN_UNUSED_FUNCTION = YES;
				GCC_WARN_UNUSED_VARIABLE = YES;
				IPHONEOS_DEPLOYMENT_TARGET = 10.0;
				MTL_ENABLE_DEBUG_INFO = NO;
				SDKROOT = iphoneos;
				SWIFT_OPTIMIZATION_LEVEL = "-Owholemodule";
				VALIDATE_PRODUCT = YES;
			};
			name = Release;
		};
		86B5EB2C1DB034110014D191 /* Debug */ = {
			isa = XCBuildConfiguration;
			buildSettings = {
				ASSETCATALOG_COMPILER_APPICON_NAME = AppIcon;
				DEVELOPMENT_TEAM = 69ZM7V3AUZ;
				INFOPLIST_FILE = Waiters/Info.plist;
				LD_RUNPATH_SEARCH_PATHS = "$(inherited) @executable_path/Frameworks";
				PRODUCT_BUNDLE_IDENTIFIER = com.lucasdilts.Waiters;
				PRODUCT_NAME = "$(TARGET_NAME)";
				SWIFT_VERSION = 3.0;
			};
			name = Debug;
		};
		86B5EB2D1DB034110014D191 /* Release */ = {
			isa = XCBuildConfiguration;
			buildSettings = {
				ASSETCATALOG_COMPILER_APPICON_NAME = AppIcon;
				DEVELOPMENT_TEAM = 69ZM7V3AUZ;
				INFOPLIST_FILE = Waiters/Info.plist;
				LD_RUNPATH_SEARCH_PATHS = "$(inherited) @executable_path/Frameworks";
				PRODUCT_BUNDLE_IDENTIFIER = com.lucasdilts.Waiters;
				PRODUCT_NAME = "$(TARGET_NAME)";
				SWIFT_VERSION = 3.0;
			};
			name = Release;
		};
/* End XCBuildConfiguration section */

/* Begin XCConfigurationList section */
		86B5EB111DB034100014D191 /* Build configuration list for PBXProject "Waiters" */ = {
			isa = XCConfigurationList;
			buildConfigurations = (
				86B5EB291DB034110014D191 /* Debug */,
				86B5EB2A1DB034110014D191 /* Release */,
			);
			defaultConfigurationIsVisible = 0;
			defaultConfigurationName = Release;
		};
		86B5EB2B1DB034110014D191 /* Build configuration list for PBXNativeTarget "Waiters" */ = {
			isa = XCConfigurationList;
			buildConfigurations = (
				86B5EB2C1DB034110014D191 /* Debug */,
				86B5EB2D1DB034110014D191 /* Release */,
			);
			defaultConfigurationIsVisible = 0;
			defaultConfigurationName = Release;
		};
/* End XCConfigurationList section */

/* Begin XCVersionGroup section */
		86B5EB201DB034110014D191 /* Waiters.xcdatamodeld */ = {
			isa = XCVersionGroup;
			children = (
				86B5EB211DB034110014D191 /* Waiters.xcdatamodel */,
			);
			currentVersion = 86B5EB211DB034110014D191 /* Waiters.xcdatamodel */;
			path = Waiters.xcdatamodeld;
			sourceTree = "<group>";
			versionGroupType = wrapper.xcdatamodel;
		};
/* End XCVersionGroup section */
	};
	rootObject = 86B5EB0E1DB034100014D191 /* Project object */;
}
